// !$*UTF8*$!
{
	archiveVersion = 1;
	classes = {
	};
	objectVersion = 48;
	objects = {

/* Begin PBXBuildFile section */
		B50BAD5A2021580400F83622 /* AppDelegate.m in Sources */ = {isa = PBXBuildFile; fileRef = B50BAD592021580400F83622 /* AppDelegate.m */; };
		B50BAD5D2021580400F83622 /* ViewController.m in Sources */ = {isa = PBXBuildFile; fileRef = B50BAD5C2021580400F83622 /* ViewController.m */; };
		B50BAD602021580400F83622 /* Main.storyboard in Resources */ = {isa = PBXBuildFile; fileRef = B50BAD5E2021580400F83622 /* Main.storyboard */; };
		B50BAD622021580400F83622 /* Assets.xcassets in Resources */ = {isa = PBXBuildFile; fileRef = B50BAD612021580400F83622 /* Assets.xcassets */; };
		B50BAD652021580400F83622 /* LaunchScreen.storyboard in Resources */ = {isa = PBXBuildFile; fileRef = B50BAD632021580400F83622 /* LaunchScreen.storyboard */; };
		B50BAD682021580400F83622 /* main.m in Sources */ = {isa = PBXBuildFile; fileRef = B50BAD672021580400F83622 /* main.m */; };
		B50BAD7020215A1600F83622 /* SegmentSlider.m in Sources */ = {isa = PBXBuildFile; fileRef = B50BAD6F20215A1600F83622 /* SegmentSlider.m */; };
/* End PBXBuildFile section */

/* Begin PBXFileReference section */
		B50BAD552021580400F83622 /* SegmentSlider.app */ = {isa = PBXFileReference; explicitFileType = wrapper.application; includeInIndex = 0; path = SegmentSlider.app; sourceTree = BUILT_PRODUCTS_DIR; };
		B50BAD582021580400F83622 /* AppDelegate.h */ = {isa = PBXFileReference; lastKnownFileType = sourcecode.c.h; path = AppDelegate.h; sourceTree = "<group>"; };
		B50BAD592021580400F83622 /* AppDelegate.m */ = {isa = PBXFileReference; lastKnownFileType = sourcecode.c.objc; path = AppDelegate.m; sourceTree = "<group>"; };
		B50BAD5B2021580400F83622 /* ViewController.h */ = {isa = PBXFileReference; lastKnownFileType = sourcecode.c.h; path = ViewController.h; sourceTree = "<group>"; };
		B50BAD5C2021580400F83622 /* ViewController.m */ = {isa = PBXFileReference; lastKnownFileType = sourcecode.c.objc; path = ViewController.m; sourceTree = "<group>"; };
		B50BAD5F2021580400F83622 /* Base */ = {isa = PBXFileReference; lastKnownFileType = file.storyboard; name = Base; path = Base.lproj/Main.storyboard; sourceTree = "<group>"; };
		B50BAD612021580400F83622 /* Assets.xcassets */ = {isa = PBXFileReference; lastKnownFileType = folder.assetcatalog; path = Assets.xcassets; sourceTree = "<group>"; };
		B50BAD642021580400F83622 /* Base */ = {isa = PBXFileReference; lastKnownFileType = file.storyboard; name = Base; path = Base.lproj/LaunchScreen.storyboard; sourceTree = "<group>"; };
		B50BAD662021580400F83622 /* Info.plist */ = {isa = PBXFileReference; lastKnownFileType = text.plist.xml; path = Info.plist; sourceTree = "<group>"; };
		B50BAD672021580400F83622 /* main.m */ = {isa = PBXFileReference; lastKnownFileType = sourcecode.c.objc; path = main.m; sourceTree = "<group>"; };
		B50BAD6E20215A1600F83622 /* SegmentSlider.h */ = {isa = PBXFileReference; lastKnownFileType = sourcecode.c.h; path = SegmentSlider.h; sourceTree = "<group>"; };
		B50BAD6F20215A1600F83622 /* SegmentSlider.m */ = {isa = PBXFileReference; lastKnownFileType = sourcecode.c.objc; path = SegmentSlider.m; sourceTree = "<group>"; };
/* End PBXFileReference section */

/* Begin PBXFrameworksBuildPhase section */
		B50BAD522021580400F83622 /* Frameworks */ = {
			isa = PBXFrameworksBuildPhase;
			buildActionMask = 2147483647;
			files = (
			);
			runOnlyForDeploymentPostprocessing = 0;
		};
/* End PBXFrameworksBuildPhase section */

/* Begin PBXGroup section */
		B50BAD4C2021580400F83622 = {
			isa = PBXGroup;
			children = (
				B50BAD572021580400F83622 /* SegmentSlider */,
				B50BAD562021580400F83622 /* Products */,
			);
			sourceTree = "<group>";
		};
		B50BAD562021580400F83622 /* Products */ = {
			isa = PBXGroup;
			children = (
				B50BAD552021580400F83622 /* SegmentSlider.app */,
			);
			name = Products;
			sourceTree = "<group>";
		};
		B50BAD572021580400F83622 /* SegmentSlider */ = {
			isa = PBXGroup;
			children = (
				B50BAD582021580400F83622 /* AppDelegate.h */,
				B50BAD592021580400F83622 /* AppDelegate.m */,
				B50BAD5B2021580400F83622 /* ViewController.h */,
				B50BAD5C2021580400F83622 /* ViewController.m */,
				B50BAD6E20215A1600F83622 /* SegmentSlider.h */,
				B50BAD6F20215A1600F83622 /* SegmentSlider.m */,
				B50BAD5E2021580400F83622 /* Main.storyboard */,
				B50BAD612021580400F83622 /* Assets.xcassets */,
				B50BAD632021580400F83622 /* LaunchScreen.storyboard */,
				B50BAD662021580400F83622 /* Info.plist */,
				B50BAD672021580400F83622 /* main.m */,
			);
			path = SegmentSlider;
			sourceTree = "<group>";
		};
/* End PBXGroup section */

/* Begin PBXNativeTarget section */
		B50BAD542021580400F83622 /* SegmentSlider */ = {
			isa = PBXNativeTarget;
			buildConfigurationList = B50BAD6B2021580400F83622 /* Build configuration list for PBXNativeTarget "SegmentSlider" */;
			buildPhases = (
				B50BAD512021580400F83622 /* Sources */,
				B50BAD522021580400F83622 /* Frameworks */,
				B50BAD532021580400F83622 /* Resources */,
			);
			buildRules = (
			);
			dependencies = (
			);
			name = SegmentSlider;
			productName = SegmentSlider;
			productReference = B50BAD552021580400F83622 /* SegmentSlider.app */;
			productType = "com.apple.product-type.application";
		};
/* End PBXNativeTarget section */

/* Begin PBXProject section */
		B50BAD4D2021580400F83622 /* Project object */ = {
			isa = PBXProject;
			attributes = {
				LastUpgradeCheck = 0920;
				ORGANIZATIONNAME = "刘东旭";
				TargetAttributes = {
					B50BAD542021580400F83622 = {
						CreatedOnToolsVersion = 9.2;
						ProvisioningStyle = Automatic;
					};
				};
			};
			buildConfigurationList = B50BAD502021580400F83622 /* Build configuration list for PBXProject "SegmentSlider" */;
			compatibilityVersion = "Xcode 8.0";
			developmentRegion = en;
			hasScannedForEncodings = 0;
			knownRegions = (
				en,
				Base,
			);
			mainGroup = B50BAD4C2021580400F83622;
			productRefGroup = B50BAD562021580400F83622 /* Products */;
			projectDirPath = "";
			projectRoot = "";
			targets = (
				B50BAD542021580400F83622 /* SegmentSlider */,
			);
		};
/* End PBXProject section */

/* Begin PBXResourcesBuildPhase section */
		B50BAD532021580400F83622 /* Resources */ = {
			isa = PBXResourcesBuildPhase;
			buildActionMask = 2147483647;
			files = (
				B50BAD652021580400F83622 /* LaunchScreen.storyboard in Resources */,
				B50BAD622021580400F83622 /* Assets.xcassets in Resources */,
				B50BAD602021580400F83622 /* Main.storyboard in Resources */,
			);
			runOnlyForDeploymentPostprocessing = 0;
		};
/* End PBXResourcesBuildPhase section */

/* Begin PBXSourcesBuildPhase section */
		B50BAD512021580400F83622 /* Sources */ = {
			isa = PBXSourcesBuildPhase;
			buildActionMask = 2147483647;
			files = (
				B50BAD7020215A1600F83622 /* SegmentSlider.m in Sources */,
				B50BAD5D2021580400F83622 /* ViewController.m in Sources */,
				B50BAD682021580400F83622 /* main.m in Sources */,
				B50BAD5A2021580400F83622 /* AppDelegate.m in Sources */,
			);
			runOnlyForDeploymentPostprocessing = 0;
		};
/* End PBXSourcesBuildPhase section */

/* Begin PBXVariantGroup section */
		B50BAD5E2021580400F83622 /* Main.storyboard */ = {
			isa = PBXVariantGroup;
			children = (
				B50BAD5F2021580400F83622 /* Base */,
			);
			name = Main.storyboard;
			sourceTree = "<group>";
		};
		B50BAD632021580400F83622 /* LaunchScreen.storyboard */ = {
			isa = PBXVariantGroup;
			children = (
				B50BAD642021580400F83622 /* Base */,
			);
			name = LaunchScreen.storyboard;
			sourceTree = "<group>";
		};
/* End PBXVariantGroup section */

/* Begin XCBuildConfiguration section */
		B50BAD692021580400F83622 /* Debug */ = {
			isa = XCBuildConfiguration;
			buildSettings = {
				ALWAYS_SEARCH_USER_PATHS = NO;
				CLANG_ANALYZER_NONNULL = YES;
				CLANG_ANALYZER_NUMBER_OBJECT_CONVERSION = YES_AGGRESSIVE;
				CLANG_CXX_LANGUAGE_STANDARD = "gnu++14";
				CLANG_CXX_LIBRARY = "libc++";
				CLANG_ENABLE_MODULES = YES;
				CLANG_ENABLE_OBJC_ARC = YES;
				CLANG_WARN_BLOCK_CAPTURE_AUTORELEASING = YES;
				CLANG_WARN_BOOL_CONVERSION = YES;
				CLANG_WARN_COMMA = YES;
				CLANG_WARN_CONSTANT_CONVERSION = YES;
				CLANG_WARN_DIRECT_OBJC_ISA_USAGE = YES_ERROR;
				CLANG_WARN_DOCUMENTATION_COMMENTS = YES;
				CLANG_WARN_EMPTY_BODY = YES;
				CLANG_WARN_ENUM_CONVERSION = YES;
				CLANG_WARN_INFINITE_RECURSION = YES;
				CLANG_WARN_INT_CONVERSION = YES;
				CLANG_WARN_NON_LITERAL_NULL_CONVERSION = YES;
				CLANG_WARN_OBJC_LITERAL_CONVERSION = YES;
				CLANG_WARN_OBJC_ROOT_CLASS = YES_ERROR;
				CLANG_WARN_RANGE_LOOP_ANALYSIS = YES;
				CLANG_WARN_STRICT_PROTOTYPES = YES;
				CLANG_WARN_SUSPICIOUS_MOVE = YES;
				CLANG_WARN_UNGUARDED_AVAILABILITY = YES_AGGRESSIVE;
				CLANG_WARN_UNREACHABLE_CODE = YES;
				CLANG_WARN__DUPLICATE_METHOD_MATCH = YES;
				CODE_SIGN_IDENTITY = "iPhone Developer";
				COPY_PHASE_STRIP = NO;
				DEBUG_INFORMATION_FORMAT = dwarf;
				ENABLE_STRICT_OBJC_MSGSEND = YES;
				ENABLE_TESTABILITY = YES;
				GCC_C_LANGUAGE_STANDARD = gnu11;
				GCC_DYNAMIC_NO_PIC = NO;
				GCC_NO_COMMON_BLOCKS = YES;
				GCC_OPTIMIZATION_LEVEL = 0;
				GCC_PREPROCESSOR_DEFINITIONS = (
					"DEBUG=1",
					"$(inherited)",
				);
				GCC_WARN_64_TO_32_BIT_CONVERSION = YES;
				GCC_WARN_ABOUT_RETURN_TYPE = YES_ERROR;
				GCC_WARN_UNDECLARED_SELECTOR = YES;
				GCC_WARN_UNINITIALIZED_AUTOS = YES_AGGRESSIVE;
				GCC_WARN_UNUSED_FUNCTION = YES;
				GCC_WARN_UNUSED_VARIABLE = YES;
				IPHONEOS_DEPLOYMENT_TARGET = 11.2;
				MTL_ENABLE_DEBUG_INFO = YES;
				ONLY_ACTIVE_ARCH = YES;
				SDKROOT = iphoneos;
			};
			name = Debug;
		};
		B50BAD6A2021580400F83622 /* Release */ = {
			isa = XCBuildConfiguration;
			buildSettings = {
				ALWAYS_SEARCH_USER_PATHS = NO;
				CLANG_ANALYZER_NONNULL = YES;
				CLANG_ANALYZER_NUMBER_OBJECT_CONVERSION = YES_AGGRESSIVE;
				CLANG_CXX_LANGUAGE_STANDARD = "gnu++14";
				CLANG_CXX_LIBRARY = "libc++";
				CLANG_ENABLE_MODULES = YES;
				CLANG_ENABLE_OBJC_ARC = YES;
				CLANG_WARN_BLOCK_CAPTURE_AUTORELEASING = YES;
				CLANG_WARN_BOOL_CONVERSION = YES;
				CLANG_WARN_COMMA = YES;
				CLANG_WARN_CONSTANT_CONVERSION = YES;
				CLANG_WARN_DIRECT_OBJC_ISA_USAGE = YES_ERROR;
				CLANG_WARN_DOCUMENTATION_COMMENTS = YES;
				CLANG_WARN_EMPTY_BODY = YES;
				CLANG_WARN_ENUM_CONVERSION = YES;
				CLANG_WARN_INFINITE_RECURSION = YES;
				CLANG_WARN_INT_CONVERSION = YES;
				CLANG_WARN_NON_LITERAL_NULL_CONVERSION = YES;
				CLANG_WARN_OBJC_LITERAL_CONVERSION = YES;
				CLANG_WARN_OBJC_ROOT_CLASS = YES_ERROR;
				CLANG_WARN_RANGE_LOOP_ANALYSIS = YES;
				CLANG_WARN_STRICT_PROTOTYPES = YES;
				CLANG_WARN_SUSPICIOUS_MOVE = YES;
				CLANG_WARN_UNGUARDED_AVAILABILITY = YES_AGGRESSIVE;
				CLANG_WARN_UNREACHABLE_CODE = YES;
				CLANG_WARN__DUPLICATE_METHOD_MATCH = YES;
				CODE_SIGN_IDENTITY = "iPhone Developer";
				COPY_PHASE_STRIP = NO;
				DEBUG_INFORMATION_FORMAT = "dwarf-with-dsym";
				ENABLE_NS_ASSERTIONS = NO;
				ENABLE_STRICT_OBJC_MSGSEND = YES;
				GCC_C_LANGUAGE_STANDARD = gnu11;
				GCC_NO_COMMON_BLOCKS = YES;
				GCC_WARN_64_TO_32_BIT_CONVERSION = YES;
				GCC_WARN_ABOUT_RETURN_TYPE = YES_ERROR;
				GCC_WARN_UNDECLARED_SELECTOR = YES;
				GCC_WARN_UNINITIALIZED_AUTOS = YES_AGGRESSIVE;
				GCC_WARN_UNUSED_FUNCTION = YES;
				GCC_WARN_UNUSED_VARIABLE = YES;
				IPHONEOS_DEPLOYMENT_TARGET = 11.2;
				MTL_ENABLE_DEBUG_INFO = NO;
				SDKROOT = iphoneos;
				VALIDATE_PRODUCT = YES;
			};
			name = Release;
		};
		B50BAD6C2021580400F83622 /* Debug */ = {
			isa = XCBuildConfiguration;
			buildSettings = {
				ASSETCATALOG_COMPILER_APPICON_NAME = AppIcon;
				CODE_SIGN_STYLE = Automatic;
				DEVELOPMENT_TEAM = ZB978L2WLM;
				INFOPLIST_FILE = SegmentSlider/Info.plist;
				LD_RUNPATH_SEARCH_PATHS = "$(inherited) @executable_path/Frameworks";
				PRODUCT_BUNDLE_IDENTIFIER = com.liudongxu.SegmentSlider;
				PRODUCT_NAME = "$(TARGET_NAME)";
				TARGETED_DEVICE_FAMILY = "1,2";
			};
			name = Debug;
		};
		B50BAD6D2021580400F83622 /* Release */ = {
			isa = XCBuildConfiguration;
			buildSettings = {
				ASSETCATALOG_COMPILER_APPICON_NAME = AppIcon;
				CODE_SIGN_STYLE = Automatic;
				DEVELOPMENT_TEAM = ZB978L2WLM;
				INFOPLIST_FILE = SegmentSlider/Info.plist;
				LD_RUNPATH_SEARCH_PATHS = "$(inherited) @executable_path/Frameworks";
				PRODUCT_BUNDLE_IDENTIFIER = com.liudongxu.SegmentSlider;
				PRODUCT_NAME = "$(TARGET_NAME)";
				TARGETED_DEVICE_FAMILY = "1,2";
			};
			name = Release;
		};
/* End XCBuildConfiguration section */

/* Begin XCConfigurationList section */
		B50BAD502021580400F83622 /* Build configuration list for PBXProject "SegmentSlider" */ = {
			isa = XCConfigurationList;
			buildConfigurations = (
				B50BAD692021580400F83622 /* Debug */,
				B50BAD6A2021580400F83622 /* Release */,
			);
			defaultConfigurationIsVisible = 0;
			defaultConfigurationName = Release;
		};
		B50BAD6B2021580400F83622 /* Build configuration list for PBXNativeTarget "SegmentSlider" */ = {
			isa = XCConfigurationList;
			buildConfigurations = (
				B50BAD6C2021580400F83622 /* Debug */,
				B50BAD6D2021580400F83622 /* Release */,
			);
			defaultConfigurationIsVisible = 0;
			defaultConfigurationName = Release;
		};
/* End XCConfigurationList section */
	};
	rootObject = B50BAD4D2021580400F83622 /* Project object */;
}
